
Microsoft Visual Studio Solution File, Format Version 10.00
# Visual Studio 2008
Project("{8BC9CEB8-8B4A-11D0-8D11-00A0C91BC942}") = "Client", "client\FMP\FMP.vcproj", "{F5F35527-C522-496E-96C7-70B635CF5AB8}"
	ProjectSection(ProjectDependencies) = postProject
		{6533BDAE-0F0C-45E4-8FE7-ADD0F37FE063} = {6533BDAE-0F0C-45E4-8FE7-ADD0F37FE063}
		{7C9B21C9-C2AE-422A-ABF4-A399F45A6A18} = {7C9B21C9-C2AE-422A-ABF4-A399F45A6A18}
		{433B26F4-DD6C-4198-9A78-18BC53B0BC69} = {433B26F4-DD6C-4198-9A78-18BC53B0BC69}
	EndProjectSection
EndProject
Project("{8BC9CEB8-8B4A-11D0-8D11-00A0C91BC942}") = "Server", "server\Server\Server.vcproj", "{10160BC2-2973-4F7D-9643-778C7D3168F3}"
	ProjectSection(ProjectDependencies) = postProject
		{6533BDAE-0F0C-45E4-8FE7-ADD0F37FE063} = {6533BDAE-0F0C-45E4-8FE7-ADD0F37FE063}
		{433B26F4-DD6C-4198-9A78-18BC53B0BC69} = {433B26F4-DD6C-4198-9A78-18BC53B0BC69}
	EndProjectSection
EndProject
Project("{8BC9CEB8-8B4A-11D0-8D11-00A0C91BC942}") = "GUI", "client\GUI\GUI.vcproj", "{7C9B21C9-C2AE-422A-ABF4-A399F45A6A18}"
EndProject
Project("{2150E333-8FDC-42A3-9474-1A3956D46DE8}") = "Client", "Client", "{EA83195A-980C-4FC9-864D-5F9BF14329B3}"
EndProject
Project("{2150E333-8FDC-42A3-9474-1A3956D46DE8}") = "Server", "Server", "{15454269-5D5A-45C4-8152-71EA4541AA4D}"
EndProject
Project("{2150E333-8FDC-42A3-9474-1A3956D46DE8}") = "Shared", "Shared", "{EAA92CB2-527F-410E-BC44-4E19FD39995B}"
EndProject
Project("{8BC9CEB8-8B4A-11D0-8D11-00A0C91BC942}") = "Console", "Shared\Console\Console.vcproj", "{433B26F4-DD6C-4198-9A78-18BC53B0BC69}"
EndProject
Project("{8BC9CEB8-8B4A-11D0-8D11-00A0C91BC942}") = "RakNet", "Shared\RakNet\LibStatic_vc8.vcproj", "{6533BDAE-0F0C-45E4-8FE7-ADD0F37FE063}"
EndProject
Project("{8BC9CEB8-8B4A-11D0-8D11-00A0C91BC942}") = "ConsoleClient", "client\ConsoleClient\ConsoleClient.vcproj", "{990CD072-659C-4150-AAA6-FB681D268C54}"
	ProjectSection(ProjectDependencies) = postProject
		{6533BDAE-0F0C-45E4-8FE7-ADD0F37FE063} = {6533BDAE-0F0C-45E4-8FE7-ADD0F37FE063}
		{433B26F4-DD6C-4198-9A78-18BC53B0BC69} = {433B26F4-DD6C-4198-9A78-18BC53B0BC69}
	EndProjectSection
EndProject
Project("{8BC9CEB8-8B4A-11D0-8D11-00A0C91BC942}") = "Plugin_sample", "server\Server\Plugin_sample\Plugin_sample.vcproj", "{E81D190E-B8BF-4C3C-941A-075203948BF2}"
EndProject
Global
	GlobalSection(SolutionConfigurationPlatforms) = preSolution
		Debug|Win32 = Debug|Win32
		Release|Win32 = Release|Win32
	EndGlobalSection
	GlobalSection(ProjectConfigurationPlatforms) = postSolution
		{F5F35527-C522-496E-96C7-70B635CF5AB8}.Debug|Win32.ActiveCfg = Debug|Win32
		{F5F35527-C522-496E-96C7-70B635CF5AB8}.Debug|Win32.Build.0 = Debug|Win32
		{F5F35527-C522-496E-96C7-70B635CF5AB8}.Release|Win32.ActiveCfg = Release|Win32
		{F5F35527-C522-496E-96C7-70B635CF5AB8}.Release|Win32.Build.0 = Release|Win32
		{10160BC2-2973-4F7D-9643-778C7D3168F3}.Debug|Win32.ActiveCfg = Debug|Win32
		{10160BC2-2973-4F7D-9643-778C7D3168F3}.Debug|Win32.Build.0 = Debug|Win32
		{10160BC2-2973-4F7D-9643-778C7D3168F3}.Release|Win32.ActiveCfg = Release|Win32
		{10160BC2-2973-4F7D-9643-778C7D3168F3}.Release|Win32.Build.0 = Release|Win32
		{7C9B21C9-C2AE-422A-ABF4-A399F45A6A18}.Debug|Win32.ActiveCfg = Debug|Win32
		{7C9B21C9-C2AE-422A-ABF4-A399F45A6A18}.Debug|Win32.Build.0 = Debug|Win32
		{7C9B21C9-C2AE-422A-ABF4-A399F45A6A18}.Release|Win32.ActiveCfg = Release|Win32
		{7C9B21C9-C2AE-422A-ABF4-A399F45A6A18}.Release|Win32.Build.0 = Release|Win32
		{433B26F4-DD6C-4198-9A78-18BC53B0BC69}.Debug|Win32.ActiveCfg = Debug|Win32
		{433B26F4-DD6C-4198-9A78-18BC53B0BC69}.Debug|Win32.Build.0 = Debug|Win32
		{433B26F4-DD6C-4198-9A78-18BC53B0BC69}.Release|Win32.ActiveCfg = Release|Win32
		{433B26F4-DD6C-4198-9A78-18BC53B0BC69}.Release|Win32.Build.0 = Release|Win32
		{6533BDAE-0F0C-45E4-8FE7-ADD0F37FE063}.Debug|Win32.ActiveCfg = Debug|Win32
		{6533BDAE-0F0C-45E4-8FE7-ADD0F37FE063}.Debug|Win32.Build.0 = Debug|Win32
		{6533BDAE-0F0C-45E4-8FE7-ADD0F37FE063}.Release|Win32.ActiveCfg = Release|Win32
		{6533BDAE-0F0C-45E4-8FE7-ADD0F37FE063}.Release|Win32.Build.0 = Release|Win32
		{990CD072-659C-4150-AAA6-FB681D268C54}.Debug|Win32.ActiveCfg = Debug|Win32
		{990CD072-659C-4150-AAA6-FB681D268C54}.Debug|Win32.Build.0 = Debug|Win32
		{990CD072-659C-4150-AAA6-FB681D268C54}.Release|Win32.ActiveCfg = Release|Win32
		{990CD072-659C-4150-AAA6-FB681D268C54}.Release|Win32.Build.0 = Release|Win32
		{E81D190E-B8BF-4C3C-941A-075203948BF2}.Debug|Win32.ActiveCfg = Debug|Win32
		{E81D190E-B8BF-4C3C-941A-075203948BF2}.Debug|Win32.Build.0 = Debug|Win32
		{E81D190E-B8BF-4C3C-941A-075203948BF2}.Release|Win32.ActiveCfg = Release|Win32
		{E81D190E-B8BF-4C3C-941A-075203948BF2}.Release|Win32.Build.0 = Release|Win32
	EndGlobalSection
	GlobalSection(SolutionProperties) = preSolution
		HideSolutionNode = FALSE
	EndGlobalSection
	GlobalSection(NestedProjects) = preSolution
		{7C9B21C9-C2AE-422A-ABF4-A399F45A6A18} = {EA83195A-980C-4FC9-864D-5F9BF14329B3}
		{F5F35527-C522-496E-96C7-70B635CF5AB8} = {EA83195A-980C-4FC9-864D-5F9BF14329B3}
		{990CD072-659C-4150-AAA6-FB681D268C54} = {EA83195A-980C-4FC9-864D-5F9BF14329B3}
		{10160BC2-2973-4F7D-9643-778C7D3168F3} = {15454269-5D5A-45C4-8152-71EA4541AA4D}
		{E81D190E-B8BF-4C3C-941A-075203948BF2} = {15454269-5D5A-45C4-8152-71EA4541AA4D}
		{433B26F4-DD6C-4198-9A78-18BC53B0BC69} = {EAA92CB2-527F-410E-BC44-4E19FD39995B}
		{6533BDAE-0F0C-45E4-8FE7-ADD0F37FE063} = {EAA92CB2-527F-410E-BC44-4E19FD39995B}
	EndGlobalSection
EndGlobal
